{"is_source_file": false, "format": "", "description": "", "external_files": [], "external_methods": [], "published": [], "classes": [], "methods": [], "calls": [], "search-terms": [], "state": 2, "file_id": 5, "knowledge_revision": 34, "git_revision": "722123ca0830e9af76d0fe2f1dceb4156103976e", "hash": "9c4ed7ef73e22b872b8055bec08b8979", "format-version": 4, "code-base-name": "default", "filename": "quicknote_organizer/post_process_status.lock", "revision_history": [{"34": "722123ca0830e9af76d0fe2f1dceb4156103976e"}]}